
Microsoft Visual Studio Solution File, Format Version 12.00
# Visual Studio 15
VisualStudioVersion = 15.0.27004.2002
MinimumVisualStudioVersion = 10.0.40219.1
Project("{8BC9CEB8-8B4A-11D0-8D11-00A0C91BC942}") = "Hometask 4", "Hometask 4\Hometask 4.vcxproj", "{A1551975-28CB-40BE-87A7-E790FDEF787B}"
EndProject
Global
	GlobalSection(SolutionConfigurationPlatforms) = preSolution
		Debug|x64 = Debug|x64
		Debug|x86 = Debug|x86
		Release|x64 = Release|x64
		Release|x86 = Release|x86
	EndGlobalSection
	GlobalSection(ProjectConfigurationPlatforms) = postSolution
		{A1551975-28CB-40BE-87A7-E790FDEF787B}.Debug|x64.ActiveCfg = Debug|x64
		{A1551975-28CB-40BE-87A7-E790FDEF787B}.Debug|x64.Build.0 = Debug|x64
		{A1551975-28CB-40BE-87A7-E790FDEF787B}.Debug|x86.ActiveCfg = Debug|Win32
		{A1551975-28CB-40BE-87A7-E790FDEF787B}.Debug|x86.Build.0 = Debug|Win32
		{A1551975-28CB-40BE-87A7-E790FDEF787B}.Release|x64.ActiveCfg = Release|x64
		{A1551975-28CB-40BE-87A7-E790FDEF787B}.Release|x64.Build.0 = Release|x64
		{A1551975-28CB-40BE-87A7-E790FDEF787B}.Release|x86.ActiveCfg = Release|Win32
		{A1551975-28CB-40BE-87A7-E790FDEF787B}.Release|x86.Build.0 = Release|Win32
	EndGlobalSection
	GlobalSection(SolutionProperties) = preSolution
		HideSolutionNode = FALSE
	EndGlobalSection
	GlobalSection(ExtensibilityGlobals) = postSolution
		SolutionGuid = {E8EEEAF9-B87F-4066-BD86-F7A195A3528C}
	EndGlobalSection
EndGlobal
